
Microsoft Visual Studio Solution File, Format Version 12.00
# Visual Studio Version 16
VisualStudioVersion = 16.0.29102.190
MinimumVisualStudioVersion = 10.0.40219.1
Project("{FAE04EC0-301F-11D3-BF4B-00C04F79EFBC}") = "url-shortener-dotnet-core", "url-shortener-dotnet-core\url-shortener-dotnet-core.csproj", "{69541DF6-DB46-4EF6-A67E-C10BDE9B1DEA}"
EndProject
Global
	GlobalSection(SolutionConfigurationPlatforms) = preSolution
		Debug|Any CPU = Debug|Any CPU
		Release|Any CPU = Release|Any CPU
	EndGlobalSection
	GlobalSection(ProjectConfigurationPlatforms) = postSolution
		{69541DF6-DB46-4EF6-A67E-C10BDE9B1DEA}.Debug|Any CPU.ActiveCfg = Debug|Any CPU
		{69541DF6-DB46-4EF6-A67E-C10BDE9B1DEA}.Debug|Any CPU.Build.0 = Debug|Any CPU
		{69541DF6-DB46-4EF6-A67E-C10BDE9B1DEA}.Release|Any CPU.ActiveCfg = Release|Any CPU
		{69541DF6-DB46-4EF6-A67E-C10BDE9B1DEA}.Release|Any CPU.Build.0 = Release|Any CPU
	EndGlobalSection
	GlobalSection(SolutionProperties) = preSolution
		HideSolutionNode = FALSE
	EndGlobalSection
	GlobalSection(ExtensibilityGlobals) = postSolution
		SolutionGuid = {CF1263A4-E5EB-4FDF-BCE8-EA37297565BA}
	EndGlobalSection
EndGlobal
